{
  "name": "oss-signal",
  "version": "0.5.0",
  "lockfileVersion": 2,
  "requires": true,
  "packages": {
    "": {
      "name": "oss-signal",
      "version": "0.5.0",
      "license": "MIT",
      "bin": {
        "oss-signal": "src/cli.js"
      },
      "engines": {
        "node": ">=18"
      }
    }
  }
}
